// !$*UTF8*$!
{
	archiveVersion = 1;
	classes = {
	};
	objectVersion = 50;
	objects = {

/* Begin PBXBuildFile section */
		EA8FF24520B583A700EA8566 /* AppDelegate.swift in Sources */ = {isa = PBXBuildFile; fileRef = EA8FF24420B583A700EA8566 /* AppDelegate.swift */; };
		EA8FF24720B583A700EA8566 /* ViewController.swift in Sources */ = {isa = PBXBuildFile; fileRef = EA8FF24620B583A700EA8566 /* ViewController.swift */; };
		EA8FF24A20B583A700EA8566 /* Main.storyboard in Resources */ = {isa = PBXBuildFile; fileRef = EA8FF24820B583A700EA8566 /* Main.storyboard */; };
		EA8FF24D20B583A700EA8566 /* DictationTimer.xcdatamodeld in Sources */ = {isa = PBXBuildFile; fileRef = EA8FF24B20B583A700EA8566 /* DictationTimer.xcdatamodeld */; };
		EA8FF24F20B583A800EA8566 /* Assets.xcassets in Resources */ = {isa = PBXBuildFile; fileRef = EA8FF24E20B583A800EA8566 /* Assets.xcassets */; };
		EA8FF25220B583A800EA8566 /* LaunchScreen.storyboard in Resources */ = {isa = PBXBuildFile; fileRef = EA8FF25020B583A800EA8566 /* LaunchScreen.storyboard */; };
/* End PBXBuildFile section */

/* Begin PBXFileReference section */
		EA8FF24120B583A700EA8566 /* DictationTimer.app */ = {isa = PBXFileReference; explicitFileType = wrapper.application; includeInIndex = 0; path = DictationTimer.app; sourceTree = BUILT_PRODUCTS_DIR; };
		EA8FF24420B583A700EA8566 /* AppDelegate.swift */ = {isa = PBXFileReference; lastKnownFileType = sourcecode.swift; path = AppDelegate.swift; sourceTree = "<group>"; };
		EA8FF24620B583A700EA8566 /* ViewController.swift */ = {isa = PBXFileReference; lastKnownFileType = sourcecode.swift; path = ViewController.swift; sourceTree = "<group>"; };
		EA8FF24920B583A700EA8566 /* Base */ = {isa = PBXFileReference; lastKnownFileType = file.storyboard; name = Base; path = Base.lproj/Main.storyboard; sourceTree = "<group>"; };
		EA8FF24C20B583A700EA8566 /* DictationTimer.xcdatamodel */ = {isa = PBXFileReference; lastKnownFileType = wrapper.xcdatamodel; path = DictationTimer.xcdatamodel; sourceTree = "<group>"; };
		EA8FF24E20B583A800EA8566 /* Assets.xcassets */ = {isa = PBXFileReference; lastKnownFileType = folder.assetcatalog; path = Assets.xcassets; sourceTree = "<group>"; };
		EA8FF25120B583A800EA8566 /* Base */ = {isa = PBXFileReference; lastKnownFileType = file.storyboard; name = Base; path = Base.lproj/LaunchScreen.storyboard; sourceTree = "<group>"; };
		EA8FF25320B583A800EA8566 /* Info.plist */ = {isa = PBXFileReference; lastKnownFileType = text.plist.xml; path = Info.plist; sourceTree = "<group>"; };
/* End PBXFileReference section */

/* Begin PBXFrameworksBuildPhase section */
		EA8FF23E20B583A700EA8566 /* Frameworks */ = {
			isa = PBXFrameworksBuildPhase;
			buildActionMask = 2147483647;
			files = (
			);
			runOnlyForDeploymentPostprocessing = 0;
		};
/* End PBXFrameworksBuildPhase section */

/* Begin PBXGroup section */
		EA8FF23820B583A700EA8566 = {
			isa = PBXGroup;
			children = (
				EA8FF24320B583A700EA8566 /* DictationTimer */,
				EA8FF24220B583A700EA8566 /* Products */,
			);
			sourceTree = "<group>";
		};
		EA8FF24220B583A700EA8566 /* Products */ = {
			isa = PBXGroup;
			children = (
				EA8FF24120B583A700EA8566 /* DictationTimer.app */,
			);
			name = Products;
			sourceTree = "<group>";
		};
		EA8FF24320B583A700EA8566 /* DictationTimer */ = {
			isa = PBXGroup;
			children = (
				EA8FF24420B583A700EA8566 /* AppDelegate.swift */,
				EA8FF24620B583A700EA8566 /* ViewController.swift */,
				EA8FF24820B583A700EA8566 /* Main.storyboard */,
				EA8FF24E20B583A800EA8566 /* Assets.xcassets */,
				EA8FF25020B583A800EA8566 /* LaunchScreen.storyboard */,
				EA8FF25320B583A800EA8566 /* Info.plist */,
				EA8FF24B20B583A700EA8566 /* DictationTimer.xcdatamodeld */,
			);
			path = DictationTimer;
			sourceTree = "<group>";
		};
/* End PBXGroup section */

/* Begin PBXNativeTarget section */
		EA8FF24020B583A700EA8566 /* DictationTimer */ = {
			isa = PBXNativeTarget;
			buildConfigurationList = EA8FF25620B583A800EA8566 /* Build configuration list for PBXNativeTarget "DictationTimer" */;
			buildPhases = (
				EA8FF23D20B583A700EA8566 /* Sources */,
				EA8FF23E20B583A700EA8566 /* Frameworks */,
				EA8FF23F20B583A700EA8566 /* Resources */,
			);
			buildRules = (
			);
			dependencies = (
			);
			name = DictationTimer;
			productName = DictationTimer;
			productReference = EA8FF24120B583A700EA8566 /* DictationTimer.app */;
			productType = "com.apple.product-type.application";
		};
/* End PBXNativeTarget section */

/* Begin PBXProject section */
		EA8FF23920B583A700EA8566 /* Project object */ = {
			isa = PBXProject;
			attributes = {
				LastSwiftUpdateCheck = 0930;
				LastUpgradeCheck = 0930;
				ORGANIZATIONNAME = "Srivastava, Richa";
				TargetAttributes = {
					EA8FF24020B583A700EA8566 = {
						CreatedOnToolsVersion = 9.3;
					};
				};
			};
			buildConfigurationList = EA8FF23C20B583A700EA8566 /* Build configuration list for PBXProject "DictationTimer" */;
			compatibilityVersion = "Xcode 9.3";
			developmentRegion = en;
			hasScannedForEncodings = 0;
			knownRegions = (
				en,
				Base,
			);
			mainGroup = EA8FF23820B583A700EA8566;
			productRefGroup = EA8FF24220B583A700EA8566 /* Products */;
			projectDirPath = "";
			projectRoot = "";
			targets = (
				EA8FF24020B583A700EA8566 /* DictationTimer */,
			);
		};
/* End PBXProject section */

/* Begin PBXResourcesBuildPhase section */
		EA8FF23F20B583A700EA8566 /* Resources */ = {
			isa = PBXResourcesBuildPhase;
			buildActionMask = 2147483647;
			files = (
				EA8FF25220B583A800EA8566 /* LaunchScreen.storyboard in Resources */,
				EA8FF24F20B583A800EA8566 /* Assets.xcassets in Resources */,
				EA8FF24A20B583A700EA8566 /* Main.storyboard in Resources */,
			);
			runOnlyForDeploymentPostprocessing = 0;
		};
/* End PBXResourcesBuildPhase section */

/* Begin PBXSourcesBuildPhase section */
		EA8FF23D20B583A700EA8566 /* Sources */ = {
			isa = PBXSourcesBuildPhase;
			buildActionMask = 2147483647;
			files = (
				EA8FF24720B583A700EA8566 /* ViewController.swift in Sources */,
				EA8FF24D20B583A700EA8566 /* DictationTimer.xcdatamodeld in Sources */,
				EA8FF24520B583A700EA8566 /* AppDelegate.swift in Sources */,
			);
			runOnlyForDeploymentPostprocessing = 0;
		};
/* End PBXSourcesBuildPhase section */

/* Begin PBXVariantGroup section */
		EA8FF24820B583A700EA8566 /* Main.storyboard */ = {
			isa = PBXVariantGroup;
			children = (
				EA8FF24920B583A700EA8566 /* Base */,
			);
			name = Main.storyboard;
			sourceTree = "<group>";
		};
		EA8FF25020B583A800EA8566 /* LaunchScreen.storyboard */ = {
			isa = PBXVariantGroup;
			children = (
				EA8FF25120B583A800EA8566 /* Base */,
			);
			name = LaunchScreen.storyboard;
			sourceTree = "<group>";
		};
/* End PBXVariantGroup section */

/* Begin XCBuildConfiguration section */
		EA8FF25420B583A800EA8566 /* Debug */ = {
			isa = XCBuildConfiguration;
			buildSettings = {
				ALWAYS_SEARCH_USER_PATHS = NO;
				CLANG_ANALYZER_NONNULL = YES;
				CLANG_ANALYZER_NUMBER_OBJECT_CONVERSION = YES_AGGRESSIVE;
				CLANG_CXX_LANGUAGE_STANDARD = "gnu++14";
				CLANG_CXX_LIBRARY = "libc++";
				CLANG_ENABLE_MODULES = YES;
				CLANG_ENABLE_OBJC_ARC = YES;
				CLANG_ENABLE_OBJC_WEAK = YES;
				CLANG_WARN_BLOCK_CAPTURE_AUTORELEASING = YES;
				CLANG_WARN_BOOL_CONVERSION = YES;
				CLANG_WARN_COMMA = YES;
				CLANG_WARN_CONSTANT_CONVERSION = YES;
				CLANG_WARN_DEPRECATED_OBJC_IMPLEMENTATIONS = YES;
				CLANG_WARN_DIRECT_OBJC_ISA_USAGE = YES_ERROR;
				CLANG_WARN_DOCUMENTATION_COMMENTS = YES;
				CLANG_WARN_EMPTY_BODY = YES;
				CLANG_WARN_ENUM_CONVERSION = YES;
				CLANG_WARN_INFINITE_RECURSION = YES;
				CLANG_WARN_INT_CONVERSION = YES;
				CLANG_WARN_NON_LITERAL_NULL_CONVERSION = YES;
				CLANG_WARN_OBJC_IMPLICIT_RETAIN_SELF = YES;
				CLANG_WARN_OBJC_LITERAL_CONVERSION = YES;
				CLANG_WARN_OBJC_ROOT_CLASS = YES_ERROR;
				CLANG_WARN_RANGE_LOOP_ANALYSIS = YES;
				CLANG_WARN_STRICT_PROTOTYPES = YES;
				CLANG_WARN_SUSPICIOUS_MOVE = YES;
				CLANG_WARN_UNGUARDED_AVAILABILITY = YES_AGGRESSIVE;
				CLANG_WARN_UNREACHABLE_CODE = YES;
				CLANG_WARN__DUPLICATE_METHOD_MATCH = YES;
				CODE_SIGN_IDENTITY = "iPhone Developer";
				COPY_PHASE_STRIP = NO;
				DEBUG_INFORMATION_FORMAT = dwarf;
				ENABLE_STRICT_OBJC_MSGSEND = YES;
				ENABLE_TESTABILITY = YES;
				GCC_C_LANGUAGE_STANDARD = gnu11;
				GCC_DYNAMIC_NO_PIC = NO;
				GCC_NO_COMMON_BLOCKS = YES;
				GCC_OPTIMIZATION_LEVEL = 0;
				GCC_PREPROCESSOR_DEFINITIONS = (
					"DEBUG=1",
					"$(inherited)",
				);
				GCC_WARN_64_TO_32_BIT_CONVERSION = YES;
				GCC_WARN_ABOUT_RETURN_TYPE = YES_ERROR;
				GCC_WARN_UNDECLARED_SELECTOR = YES;
				GCC_WARN_UNINITIALIZED_AUTOS = YES_AGGRESSIVE;
				GCC_WARN_UNUSED_FUNCTION = YES;
				GCC_WARN_UNUSED_VARIABLE = YES;
				IPHONEOS_DEPLOYMENT_TARGET = 11.3;
				MTL_ENABLE_DEBUG_INFO = YES;
				ONLY_ACTIVE_ARCH = YES;
				SDKROOT = iphoneos;
				SWIFT_ACTIVE_COMPILATION_CONDITIONS = DEBUG;
				SWIFT_OPTIMIZATION_LEVEL = "-Onone";
			};
			name = Debug;
		};
		EA8FF25520B583A800EA8566 /* Release */ = {
			isa = XCBuildConfiguration;
			buildSettings = {
				ALWAYS_SEARCH_USER_PATHS = NO;
				CLANG_ANALYZER_NONNULL = YES;
				CLANG_ANALYZER_NUMBER_OBJECT_CONVERSION = YES_AGGRESSIVE;
				CLANG_CXX_LANGUAGE_STANDARD = "gnu++14";
				CLANG_CXX_LIBRARY = "libc++";
				CLANG_ENABLE_MODULES = YES;
				CLANG_ENABLE_OBJC_ARC = YES;
				CLANG_ENABLE_OBJC_WEAK = YES;
				CLANG_WARN_BLOCK_CAPTURE_AUTORELEASING = YES;
				CLANG_WARN_BOOL_CONVERSION = YES;
				CLANG_WARN_COMMA = YES;
				CLANG_WARN_CONSTANT_CONVERSION = YES;
				CLANG_WARN_DEPRECATED_OBJC_IMPLEMENTATIONS = YES;
				CLANG_WARN_DIRECT_OBJC_ISA_USAGE = YES_ERROR;
				CLANG_WARN_DOCUMENTATION_COMMENTS = YES;
				CLANG_WARN_EMPTY_BODY = YES;
				CLANG_WARN_ENUM_CONVERSION = YES;
				CLANG_WARN_INFINITE_RECURSION = YES;
				CLANG_WARN_INT_CONVERSION = YES;
				CLANG_WARN_NON_LITERAL_NULL_CONVERSION = YES;
				CLANG_WARN_OBJC_IMPLICIT_RETAIN_SELF = YES;
				CLANG_WARN_OBJC_LITERAL_CONVERSION = YES;
				CLANG_WARN_OBJC_ROOT_CLASS = YES_ERROR;
				CLANG_WARN_RANGE_LOOP_ANALYSIS = YES;
				CLANG_WARN_STRICT_PROTOTYPES = YES;
				CLANG_WARN_SUSPICIOUS_MOVE = YES;
				CLANG_WARN_UNGUARDED_AVAILABILITY = YES_AGGRESSIVE;
				CLANG_WARN_UNREACHABLE_CODE = YES;
				CLANG_WARN__DUPLICATE_METHOD_MATCH = YES;
				CODE_SIGN_IDENTITY = "iPhone Developer";
				COPY_PHASE_STRIP = NO;
				DEBUG_INFORMATION_FORMAT = "dwarf-with-dsym";
				ENABLE_NS_ASSERTIONS = NO;
				ENABLE_STRICT_OBJC_MSGSEND = YES;
				GCC_C_LANGUAGE_STANDARD = gnu11;
				GCC_NO_COMMON_BLOCKS = YES;
				GCC_WARN_64_TO_32_BIT_CONVERSION = YES;
				GCC_WARN_ABOUT_RETURN_TYPE = YES_ERROR;
				GCC_WARN_UNDECLARED_SELECTOR = YES;
				GCC_WARN_UNINITIALIZED_AUTOS = YES_AGGRESSIVE;
				GCC_WARN_UNUSED_FUNCTION = YES;
				GCC_WARN_UNUSED_VARIABLE = YES;
				IPHONEOS_DEPLOYMENT_TARGET = 11.3;
				MTL_ENABLE_DEBUG_INFO = NO;
				SDKROOT = iphoneos;
				SWIFT_COMPILATION_MODE = wholemodule;
				SWIFT_OPTIMIZATION_LEVEL = "-O";
				VALIDATE_PRODUCT = YES;
			};
			name = Release;
		};
		EA8FF25720B583A800EA8566 /* Debug */ = {
			isa = XCBuildConfiguration;
			buildSettings = {
				ASSETCATALOG_COMPILER_APPICON_NAME = AppIcon;
				CODE_SIGN_STYLE = Automatic;
				DEVELOPMENT_TEAM = LF5DXGP726;
				INFOPLIST_FILE = DictationTimer/Info.plist;
				LD_RUNPATH_SEARCH_PATHS = (
					"$(inherited)",
					"@executable_path/Frameworks",
				);
				PRODUCT_BUNDLE_IDENTIFIER = richa.shivhari.DictationTimer;
				PRODUCT_NAME = "$(TARGET_NAME)";
				SWIFT_VERSION = 4.0;
				TARGETED_DEVICE_FAMILY = "1,2";
			};
			name = Debug;
		};
		EA8FF25820B583A800EA8566 /* Release */ = {
			isa = XCBuildConfiguration;
			buildSettings = {
				ASSETCATALOG_COMPILER_APPICON_NAME = AppIcon;
				CODE_SIGN_STYLE = Automatic;
				DEVELOPMENT_TEAM = LF5DXGP726;
				INFOPLIST_FILE = DictationTimer/Info.plist;
				LD_RUNPATH_SEARCH_PATHS = (
					"$(inherited)",
					"@executable_path/Frameworks",
				);
				PRODUCT_BUNDLE_IDENTIFIER = richa.shivhari.DictationTimer;
				PRODUCT_NAME = "$(TARGET_NAME)";
				SWIFT_VERSION = 4.0;
				TARGETED_DEVICE_FAMILY = "1,2";
			};
			name = Release;
		};
/* End XCBuildConfiguration section */

/* Begin XCConfigurationList section */
		EA8FF23C20B583A700EA8566 /* Build configuration list for PBXProject "DictationTimer" */ = {
			isa = XCConfigurationList;
			buildConfigurations = (
				EA8FF25420B583A800EA8566 /* Debug */,
				EA8FF25520B583A800EA8566 /* Release */,
			);
			defaultConfigurationIsVisible = 0;
			defaultConfigurationName = Release;
		};
		EA8FF25620B583A800EA8566 /* Build configuration list for PBXNativeTarget "DictationTimer" */ = {
			isa = XCConfigurationList;
			buildConfigurations = (
				EA8FF25720B583A800EA8566 /* Debug */,
				EA8FF25820B583A800EA8566 /* Release */,
			);
			defaultConfigurationIsVisible = 0;
			defaultConfigurationName = Release;
		};
/* End XCConfigurationList section */

/* Begin XCVersionGroup section */
		EA8FF24B20B583A700EA8566 /* DictationTimer.xcdatamodeld */ = {
			isa = XCVersionGroup;
			children = (
				EA8FF24C20B583A700EA8566 /* DictationTimer.xcdatamodel */,
			);
			currentVersion = EA8FF24C20B583A700EA8566 /* DictationTimer.xcdatamodel */;
			path = DictationTimer.xcdatamodeld;
			sourceTree = "<group>";
			versionGroupType = wrapper.xcdatamodel;
		};
/* End XCVersionGroup section */
	};
	rootObject = EA8FF23920B583A700EA8566 /* Project object */;
}
